{
    "_meta": {
        "hash": {
            "sha256": "ecf0b755cd60804110e878e6aecf2810baf8c05ffe1cae0fcb6f4e0154f98480"
        },
        "pipfile-spec": 6,
        "requires": {
            "python_version": "3.8"
        },
        "sources": [
            {
                "name": "pypi",
                "url": "https://pypi.org/simple",
                "verify_ssl": true
            }
        ]
    },
    "default": {
        "aiohttp": {
            "hashes": [
                "sha256:1e984191d1ec186881ffaed4581092ba04f7c61582a177b187d3a2f07ed9719e",
                "sha256:259ab809ff0727d0e834ac5e8a283dc5e3e0ecc30c4d80b3cd17a4139ce1f326",
                "sha256:2f4d1a4fdce595c947162333353d4a44952a724fba9ca3205a3df99a33d1307a",
                "sha256:32e5f3b7e511aa850829fbe5aa32eb455e5534eaa4b1ce93231d00e2f76e5654",
                "sha256:344c780466b73095a72c616fac5ea9c4665add7fc129f285fbdbca3cccf4612a",
                "sha256:460bd4237d2dbecc3b5ed57e122992f60188afe46e7319116da5eb8a9dfedba4",
                "sha256:4c6efd824d44ae697814a2a85604d8e992b875462c6655da161ff18fd4f29f17",
                "sha256:50aaad128e6ac62e7bf7bd1f0c0a24bc968a0c0590a726d5a955af193544bcec",
                "sha256:6206a135d072f88da3e71cc501c59d5abffa9d0bb43269a6dcd28d66bfafdbdd",
                "sha256:65f31b622af739a802ca6fd1a3076fd0ae523f8485c52924a89561ba10c49b48",
                "sha256:ae55bac364c405caa23a4f2d6cfecc6a0daada500274ffca4a9230e7129eac59",
                "sha256:b778ce0c909a2653741cb4b1ac7015b5c130ab9c897611df43ae6a58523cb965"
            ],
            "index": "pypi",
            "version": "==3.6.2"
        },
        "alembic": {
            "hashes": [
                "sha256:035ab00497217628bf5d0be82d664d8713ab13d37b630084da8e1f98facf4dbf"
            ],
            "index": "pypi",
            "version": "==1.4.2"
        },
        "async-timeout": {
            "hashes": [
                "sha256:0c3c816a028d47f659d6ff5c745cb2acf1f966da1fe5c19c77a70282b25f4c5f",
                "sha256:4291ca197d287d274d0b6cb5d6f8f8f82d434ed288f962539ff18cc9012f9ea3"
            ],
            "markers": "python_full_version >= '3.5.3'",
            "version": "==3.0.1"
        },
        "asyncpg": {
            "hashes": [
                "sha256:058baec9d6b75612412baa872a1aa47317d0ff88c318a49f9c4a2389043d5a8d",
                "sha256:0c336903c3b08e970f8af2f606332f1738dba156bca83ed0467dc2f5c70da796",
                "sha256:1388caa456070dab102be874205e3ae8fd1de2577d5de9fa22e65ba5c0f8b110",
                "sha256:25edb0b947eb632b6b53e5a4b36cba5677297bb34cbaba270019714d0a5fed76",
                "sha256:2af6a5a705accd36e13292ea43d08c20b15e52d684beb522cb3a7d3c9c8f3f48",
                "sha256:391aea89871df8c1560750af6c7170f2772c2d133b34772acf3637e3cf4db93e",
                "sha256:394bf19bdddbba07a38cd6fb526ebf66e120444d6b3097332b78efd5b26495b0",
                "sha256:5664d1bd8abe64fc60a0e701eb85fa1d8c9a4a8018a5a59164d27238f2caf395",
                "sha256:57666dfae38f4dbf84ffbf0c5c0f78733fef0e8e083230275dcb9ccad1d5ee09",
                "sha256:74510234c294c6a6767089ba9c938f09a491426c24405634eb357bd91dffd734",
                "sha256:95cd2df61ee00b789bdcd04a080e6d9188693b841db2bf9a87ebaed9e53147e0",
                "sha256:a981500bf6947926e53c48f4d60ae080af1b4ad7fa78e363465a5b5ad4f2b65e",
                "sha256:a9e6fd6f0f9e8bd77e9a4e1ef9a4f83a80674d9136a754ae3603e915da96b627",
                "sha256:ad5ba062e09673b1a4b8d0facaf5a6d9719bf7b337440d10b07fe994d90a9552",
                "sha256:ba90d3578bc6dddcbce461875672fd9bdb34f0b8215b68612dd3b65a956ff51c",
                "sha256:c773c7dbe2f4d3ebc9e3030e94303e45d6742e6c2fc25da0c46a56ea3d83caeb",
                "sha256:da238592235717419a6a7b5edc8564da410ebfd056ca4ecc41e70b1b5df86fba",
                "sha256:e39aac2b3a2f839ce65aa255ce416de899c58b7d38d601d24ca35558e13b48e3",
                "sha256:ec6e7046c98730cb2ba4df41387e10cb8963a3ac2918f69ae416f8aab9ca7b1b",
                "sha256:f0c9719ac00615f097fe91082b785bce36dbf02a5ec4115ede0ebfd2cd9500cb",
                "sha256:f7184689177eeb5a11fa1b2baf3f6f2e26bfd7a85acf4de1a3adbd0867d7c0e2"
            ],
            "index": "pypi",
            "version": "==0.20.1"
        },
        "attrs": {
            "hashes": [
                "sha256:29adc2665447e5191d0e7c568fde78b21f9672d344281d0c6e1ab085429b22b6",
                "sha256:86efa402f67bf2df34f51a335487cf46b1ec130d02b8d39fd248abfd30da551c"
            ],
            "markers": "python_full_version >= '3.5.0'",
            "version": "==22.1.0"
        },
        "chardet": {
            "hashes": [
                "sha256:84ab92ed1c4d4f16916e05906b6b75a6c0fb5db821cc65e70cbd64a3e2a5eaae",
                "sha256:fc323ffcaeaed0e0a02bf4d117757b98aed530d9ed4531e3e15460124c106691"
            ],
            "version": "==3.0.4"
        },
        "greenlet": {
            "hashes": [
                "sha256:0118817c9341ef2b0f75f5af79ac377e4da6ff637e5ee4ac91802c0e379dadb4",
                "sha256:048d2bed76c2aa6de7af500ae0ea51dd2267aec0e0f2a436981159053d0bc7cc",
                "sha256:07c58e169bbe1e87b8bbf15a5c1b779a7616df9fd3e61cadc9d691740015b4f8",
                "sha256:095a980288fe05adf3d002fbb180c99bdcf0f930e220aa66fcd56e7914a38202",
                "sha256:0b181e9aa6cb2f5ec0cacc8cee6e5a3093416c841ba32c185c30c160487f0380",
                "sha256:1626185d938d7381631e48e6f7713e8d4b964be246073e1a1d15c2f061ac9f08",
                "sha256:184416e481295832350a4bf731ba619a92f5689bf5d0fa4341e98b98b1265bd7",
                "sha256:1dd51d2650e70c6c4af37f454737bf4a11e568945b27f74b471e8e2a9fd21268",
                "sha256:1ec2779774d8e42ed0440cf8bc55540175187e8e934f2be25199bf4ed948cd9e",
                "sha256:2cf45e339cabea16c07586306a31cfcc5a3b5e1626d365714d283732afed6809",
                "sha256:2fb0aa7f6996879551fd67461d5d3ab0c3c0245da98be90c89fcb7a18d437403",
                "sha256:44b4817c34c9272c65550b788913620f1fdc80362b209bc9d7dd2f40d8793080",
                "sha256:466ce0928e33421ee84ae04c4ac6f253a3a3e6b8d600a79bd43fd4403e0a7a76",
                "sha256:4f166b4aca8d7d489e82d74627a7069ab34211ef5ebb57c300ec4b9337b60fc0",
                "sha256:510c3b15587afce9800198b4b142202b323bf4b4b5f9d6c79cb9a35e5e3c30d2",
                "sha256:5b756e6730ea59b2745072e28ad27f4c837084688e6a6b3633c8b1e509e6ae0e",
                "sha256:5fbe1ab72b998ca77ceabbae63a9b2e2dc2d963f4299b9b278252ddba142d3f1",
                "sha256:6200a11f003ec26815f7e3d2ded01b43a3810be3528dd760d2f1fa777490c3cd",
                "sha256:65ad1a7a463a2a6f863661329a944a5802c7129f7ad33583dcc11069c17e622c",
                "sha256:694ffa7144fa5cc526c8f4512665003a39fa09ef00d19bbca5c8d3406db72fbe",
                "sha256:6f5d4b2280ceea76c55c893827961ed0a6eadd5a584a7c4e6e6dd7bc10dfdd96",
                "sha256:7532a46505470be30cbf1dbadb20379fb481244f1ca54207d7df3bf0bbab6a20",
                "sha256:76a53bfa10b367ee734b95988bd82a9a5f0038a25030f9f23bbbc005010ca600",
                "sha256:77e41db75f9958f2083e03e9dd39da12247b3430c92267df3af77c83d8ff9eed",
                "sha256:7a43bbfa9b6cfdfaeefbd91038dde65ea2c421dc387ed171613df340650874f2",
                "sha256:7b41d19c0cfe5c259fe6c539fd75051cd39a5d33d05482f885faf43f7f5e7d26",
                "sha256:7c5227963409551ae4a6938beb70d56bf1918c554a287d3da6853526212fbe0a",
                "sha256:870a48007872d12e95a996fca3c03a64290d3ea2e61076aa35d3b253cf34cd32",
                "sha256:88b04e12c9b041a1e0bcb886fec709c488192638a9a7a3677513ac6ba81d8e79",
                "sha256:8c287ae7ac921dfde88b1c125bd9590b7ec3c900c2d3db5197f1286e144e712b",
                "sha256:903fa5716b8fbb21019268b44f73f3748c41d1a30d71b4a49c84b642c2fed5fa",
                "sha256:9537e4baf0db67f382eb29255a03154fcd4984638303ff9baaa738b10371fa57",
                "sha256:9951dcbd37850da32b2cb6e391f621c1ee456191c6ae5528af4a34afe357c30e",
                "sha256:9b2f7d0408ddeb8ea1fd43d3db79a8cefaccadd2a812f021333b338ed6b10aba",
                "sha256:9c88e134d51d5e82315a7c32b914a58751b7353eb5268dbd02eabf020b4c4700",
                "sha256:9fae214f6c43cd47f7bef98c56919b9222481e833be2915f6857a1e9e8a15318",
                "sha256:a3a669f11289a8995d24fbfc0e63f8289dd03c9aaa0cc8f1eab31d18ca61a382",
                "sha256:aa741c1a8a8cc25eb3a3a01a62bdb5095a773d8c6a86470bde7f607a447e7905",
                "sha256:b0877a9a2129a2c56a2eae2da016743db7d9d6a05d5e1c198f1b7808c602a30e",
                "sha256:bcb6c6dd1d6be6d38d6db283747d07fda089ff8c559a835236560a4410340455",
                "sha256:caff52cb5cd7626872d9696aee5b794abe172804beb7db52eed1fd5824b63910",
                "sha256:cbc1eb55342cbac8f7ec159088d54e2cfdd5ddf61c87b8bbe682d113789331b2",
                "sha256:cd16a89efe3a003029c87ff19e9fba635864e064da646bc749fc1908a4af18f3",
                "sha256:ce5b64dfe8d0cca407d88b0ee619d80d4215a2612c1af8c98a92180e7109f4b5",
                "sha256:d58a5a71c4c37354f9e0c24c9c8321f0185f6945ef027460b809f4bb474bfe41",
                "sha256:db41f3845eb579b544c962864cce2c2a0257fe30f0f1e18e51b1e8cbb4e0ac6d",
                "sha256:db5b25265010a1b3dca6a174a443a0ed4c4ab12d5e2883a11c97d6e6d59b12f9",
                "sha256:dd0404d154084a371e6d2bafc787201612a1359c2dee688ae334f9118aa0bf47",
                "sha256:de431765bd5fe62119e0bc6bc6e7b17ac53017ae1782acf88fcf6b7eae475a49",
                "sha256:df02fdec0c533301497acb0bc0f27f479a3a63dcdc3a099ae33a902857f07477",
                "sha256:e8533f5111704d75de3139bf0b8136d3a6c1642c55c067866fa0a51c2155ee33",
                "sha256:f2f908239b7098799b8845e5936c2ccb91d8c2323be02e82f8dcb4a80dcf4a25",
                "sha256:f8bfd36f368efe0ab2a6aa3db7f14598aac454b06849fb633b762ddbede1db90",
                "sha256:ffe73f9e7aea404722058405ff24041e59d31ca23d1da0895af48050a07b6932"
            ],
            "markers": "python_version >= '3' and platform_machine == 'aarch64' or (platform_machine == 'ppc64le' or (platform_machine == 'x86_64' or (platform_machine == 'amd64' or (platform_machine == 'AMD64' or (platform_machine == 'win32' or platform_machine == 'WIN32')))))",
            "version": "==1.1.3"
        },
        "idna": {
            "hashes": [
                "sha256:814f528e8dead7d329833b91c5faa87d60bf71824cd12a7530b5526063d02cb4",
                "sha256:90b77e79eaa3eba6de819a0c442c0b4ceefc341a7a2ab77d7562bf49f425c5c2"
            ],
            "markers": "python_full_version >= '3.5.0'",
            "version": "==3.4"
        },
        "mako": {
            "hashes": [
                "sha256:3724869b363ba630a272a5f89f68c070352137b8fd1757650017b7e06fda163f",
                "sha256:8efcb8004681b5f71d09c983ad5a9e6f5c40601a6ec469148753292abc0da534"
            ],
            "index": "pypi",
            "version": "==1.2.2"
        },
        "markupsafe": {
            "hashes": [
                "sha256:0212a68688482dc52b2d45013df70d169f542b7394fc744c02a57374a4207003",
                "sha256:089cf3dbf0cd6c100f02945abeb18484bd1ee57a079aefd52cffd17fba910b88",
                "sha256:10c1bfff05d95783da83491be968e8fe789263689c02724e0c691933c52994f5",
                "sha256:33b74d289bd2f5e527beadcaa3f401e0df0a89927c1559c8566c066fa4248ab7",
                "sha256:3799351e2336dc91ea70b034983ee71cf2f9533cdff7c14c90ea126bfd95d65a",
                "sha256:3ce11ee3f23f79dbd06fb3d63e2f6af7b12db1d46932fe7bd8afa259a5996603",
                "sha256:421be9fbf0ffe9ffd7a378aafebbf6f4602d564d34be190fc19a193232fd12b1",
                "sha256:43093fb83d8343aac0b1baa75516da6092f58f41200907ef92448ecab8825135",
                "sha256:46d00d6cfecdde84d40e572d63735ef81423ad31184100411e6e3388d405e247",
                "sha256:4a33dea2b688b3190ee12bd7cfa29d39c9ed176bda40bfa11099a3ce5d3a7ac6",
                "sha256:4b9fe39a2ccc108a4accc2676e77da025ce383c108593d65cc909add5c3bd601",
                "sha256:56442863ed2b06d19c37f94d999035e15ee982988920e12a5b4ba29b62ad1f77",
                "sha256:671cd1187ed5e62818414afe79ed29da836dde67166a9fac6d435873c44fdd02",
                "sha256:694deca8d702d5db21ec83983ce0bb4b26a578e71fbdbd4fdcd387daa90e4d5e",
                "sha256:6a074d34ee7a5ce3effbc526b7083ec9731bb3cbf921bbe1d3005d4d2bdb3a63",
                "sha256:6d0072fea50feec76a4c418096652f2c3238eaa014b2f94aeb1d56a66b41403f",
                "sha256:6fbf47b5d3728c6aea2abb0589b5d30459e369baa772e0f37a0320185e87c980",
                "sha256:7f91197cc9e48f989d12e4e6fbc46495c446636dfc81b9ccf50bb0ec74b91d4b",
                "sha256:86b1f75c4e7c2ac2ccdaec2b9022845dbb81880ca318bb7a0a01fbf7813e3812",
                "sha256:8dc1c72a69aa7e082593c4a203dcf94ddb74bb5c8a731e4e1eb68d031e8498ff",
                "sha256:8e3dcf21f367459434c18e71b2a9532d96547aef8a871872a5bd69a715c15f96",
                "sha256:8e576a51ad59e4bfaac456023a78f6b5e6e7651dcd383bcc3e18d06f9b55d6d1",
                "sha256:96e37a3dc86e80bf81758c152fe66dbf60ed5eca3d26305edf01892257049925",
                "sha256:97a68e6ada378df82bc9f16b800ab77cbf4b2fada0081794318520138c088e4a",
                "sha256:99a2a507ed3ac881b975a2976d59f38c19386d128e7a9a18b7df6fff1fd4c1d6",
                "sha256:a49907dd8420c5685cfa064a1335b6754b74541bbb3706c259c02ed65b644b3e",
                "sha256:b09bf97215625a311f669476f44b8b318b075847b49316d3e28c08e41a7a573f",
                "sha256:b7bd98b796e2b6553da7225aeb61f447f80a1ca64f41d83612e6139ca5213aa4",
                "sha256:b87db4360013327109564f0e591bd2a3b318547bcef31b468a92ee504d07ae4f",
                "sha256:bcb3ed405ed3222f9904899563d6fc492ff75cce56cba05e32eff40e6acbeaa3",
                "sha256:d4306c36ca495956b6d568d276ac11fdd9c30a36f1b6eb928070dc5360b22e1c",
                "sha256:d5ee4f386140395a2c818d149221149c54849dfcfcb9f1debfe07a8b8bd63f9a",
                "sha256:dda30ba7e87fbbb7eab1ec9f58678558fd9a6b8b853530e176eabd064da81417",
                "sha256:e04e26803c9c3851c931eac40c695602c6295b8d432cbe78609649ad9bd2da8a",
                "sha256:e1c0b87e09fa55a220f058d1d49d3fb8df88fbfab58558f1198e08c1e1de842a",
                "sha256:e72591e9ecd94d7feb70c1cbd7be7b3ebea3f548870aa91e2732960fa4d57a37",
                "sha256:e8c843bbcda3a2f1e3c2ab25913c80a3c5376cd00c6e8c4a86a89a28c8dc5452",
                "sha256:efc1913fd2ca4f334418481c7e595c00aad186563bbc1ec76067848c7ca0a933",
                "sha256:f121a1420d4e173a5d96e47e9a0c0dcff965afdf1626d28de1460815f7c4ee7a",
                "sha256:fc7b548b17d238737688817ab67deebb30e8073c95749d55538ed473130ec0c7"
            ],
            "markers": "python_version >= '3.7'",
            "version": "==2.1.1"
        },
        "marshmallow": {
            "hashes": [
                "sha256:0f3a630f6a2fd124929f1bdcb5df65bd14cc8f49f52a18d0bdcfa0c42414e4a7",
                "sha256:ba949379cb6ef73655f72075e82b31cf57012a5557ede642fc8614ab0354f869"
            ],
            "index": "pypi",
            "version": "==3.7.0"
        },
        "multidict": {
            "hashes": [
                "sha256:1ece5a3369835c20ed57adadc663400b5525904e53bae59ec854a5d36b39b21a",
                "sha256:275ca32383bc5d1894b6975bb4ca6a7ff16ab76fa622967625baeebcf8079000",
                "sha256:3750f2205b800aac4bb03b5ae48025a64e474d2c6cc79547988ba1d4122a09e2",
                "sha256:4538273208e7294b2659b1602490f4ed3ab1c8cf9dbdd817e0e9db8e64be2507",
                "sha256:5141c13374e6b25fe6bf092052ab55c0c03d21bd66c94a0e3ae371d3e4d865a5",
                "sha256:51a4d210404ac61d32dada00a50ea7ba412e6ea945bbe992e4d7a595276d2ec7",
                "sha256:5cf311a0f5ef80fe73e4f4c0f0998ec08f954a6ec72b746f3c179e37de1d210d",
                "sha256:6513728873f4326999429a8b00fc7ceddb2509b01d5fd3f3be7881a257b8d463",
                "sha256:7388d2ef3c55a8ba80da62ecfafa06a1c097c18032a501ffd4cabbc52d7f2b19",
                "sha256:9456e90649005ad40558f4cf51dbb842e32807df75146c6d940b6f5abb4a78f3",
                "sha256:c026fe9a05130e44157b98fea3ab12969e5b60691a276150db9eda71710cd10b",
                "sha256:d14842362ed4cf63751648e7672f7174c9818459d169231d03c56e84daf90b7c",
                "sha256:e0d072ae0f2a179c375f67e3da300b47e1a83293c554450b29c900e50afaae87",
                "sha256:f07acae137b71af3bb548bd8da720956a3bc9f9a0b87733e0899226a2317aeb7",
                "sha256:fbb77a75e529021e7c4a8d4e823d88ef4d23674a202be4f5addffc72cbb91430",
                "sha256:fcfbb44c59af3f8ea984de67ec7c306f618a3ec771c2843804069917a8f2e255",
                "sha256:feed85993dbdb1dbc29102f50bca65bdc68f2c0c8d352468c25b54874f23c39d"
            ],
            "markers": "python_full_version >= '3.5.0'",
            "version": "==4.7.6"
        },
        "psycopg2-binary": {
            "hashes": [
                "sha256:008da3ab51adc70a5f1cfbbe5db3a22607ab030eb44bcecf517ad11a0c2b3cac",
                "sha256:07cf82c870ec2d2ce94d18e70c13323c89f2f2a2628cbf1feee700630be2519a",
                "sha256:08507efbe532029adee21b8d4c999170a83760d38249936038bd0602327029b5",
                "sha256:107d9be3b614e52a192719c6bf32e8813030020ea1d1215daa86ded9a24d8b04",
                "sha256:17a0ea0b0eabf07035e5e0d520dabc7950aeb15a17c6d36128ba99b2721b25b1",
                "sha256:3286541b9d85a340ee4ed42732d15fc1bb441dc500c97243a768154ab8505bb5",
                "sha256:3939cf75fc89c5e9ed836e228c4a63604dff95ad19aed2bbf71d5d04c15ed5ce",
                "sha256:40abc319f7f26c042a11658bf3dd3b0b3bceccf883ec1c565d5c909a90204434",
                "sha256:51f7823f1b087d2020d8e8c9e6687473d3d239ba9afc162d9b2ab6e80b53f9f9",
                "sha256:6bb2dd006a46a4a4ce95201f836194eb6a1e863f69ee5bab506673e0ca767057",
                "sha256:702f09d8f77dc4794651f650828791af82f7c2efd8c91ae79e3d9fe4bb7d4c98",
                "sha256:7036ccf715925251fac969f4da9ad37e4b7e211b1e920860148a10c0de963522",
                "sha256:7b832d76cc65c092abd9505cc670c4e3421fd136fb6ea5b94efbe4c146572505",
                "sha256:8f74e631b67482d504d7e9cf364071fc5d54c28e79a093ff402d5f8f81e23bfa",
                "sha256:930315ac53dc65cbf52ab6b6d27422611f5fb461d763c531db229c7e1af6c0b3",
                "sha256:96d3038f5bd061401996614f65d27a4ecb62d843eb4f48e212e6d129171a721f",
                "sha256:a20299ee0ea2f9cca494396ac472d6e636745652a64a418b39522c120fd0a0a4",
                "sha256:a34826d6465c2e2bbe9d0605f944f19d2480589f89863ed5f091943be27c9de4",
                "sha256:a69970ee896e21db4c57e398646af9edc71c003bc52a3cc77fb150240fefd266",
                "sha256:b9a8b391c2b0321e0cd7ec6b4cfcc3dd6349347bd1207d48bcb752aa6c553a66",
                "sha256:ba13346ff6d3eb2dca0b6fa0d8a9d999eff3dcd9b55f3a890f12b0b6362b2b38",
                "sha256:bb0608694a91db1e230b4a314e8ed00ad07ed0c518f9a69b83af2717e31291a3",
                "sha256:c8830b7d5f16fd79d39b21e3d94f247219036b29b30c8270314c46bf8b732389",
                "sha256:cac918cd7c4c498a60f5d2a61d4f0a6091c2c9490d81bc805c963444032d0dab",
                "sha256:cc30cb900f42c8a246e2cb76539d9726f407330bc244ca7729c41a44e8d807fb",
                "sha256:ccdc6a87f32b491129ada4b87a43b1895cf2c20fdb7f98ad979647506ffc41b6",
                "sha256:d1a8b01f6a964fec702d6b6dac1f91f2b9f9fe41b310cbb16c7ef1fac82df06d",
                "sha256:e004db88e5a75e5fdab1620fb9f90c9598c2a195a594225ac4ed2a6f1c23e162",
                "sha256:eb2f43ae3037f1ef5e19339c41cf56947021ac892f668765cd65f8ab9814192e",
                "sha256:fa466306fcf6b39b8a61d003123d442b23707d635a5cb05ac4e1b62cc79105cd"
            ],
            "index": "pypi",
            "version": "==2.8.5"
        },
        "python-dateutil": {
            "hashes": [
                "sha256:0123cacc1627ae19ddf3c27a5de5bd67ee4586fbdd6440d9748f8abb483d3e86",
                "sha256:961d03dc3453ebbc59dbdea9e4e11c5651520a876d0f4db161e8674aae935da9"
            ],
            "markers": "python_version >= '2.7' and python_version not in '3.0, 3.1, 3.2, 3.3'",
            "version": "==2.8.2"
        },
        "python-editor": {
            "hashes": [
                "sha256:1bf6e860a8ad52a14c3ee1252d5dc25b2030618ed80c022598f00176adc8367d",
                "sha256:51fda6bcc5ddbbb7063b2af7509e43bd84bfc32a4ff71349ec7847713882327b",
                "sha256:5f98b069316ea1c2ed3f67e7f5df6c0d8f10b689964a4a811ff64f0106819ec8",
                "sha256:c3da2053dbab6b29c94e43c486ff67206eafbe7eb52dbec7390b5e2fb05aac77",
                "sha256:ea87e17f6ec459e780e4221f295411462e0d0810858e055fc514684350a2f522"
            ],
            "version": "==1.0.4"
        },
        "six": {
            "hashes": [
                "sha256:1e61c37477a1626458e36f7b1d82aa5c9b094fa4802892072e49de9c60c4c926",
                "sha256:8abb2f1d86890a2dfb989f9a77cfcfd3e47c2a354b01111771326f8aa26e0254"
            ],
            "markers": "python_version >= '2.7' and python_version not in '3.0, 3.1, 3.2, 3.3'",
            "version": "==1.16.0"
        },
        "sqlalchemy": {
            "hashes": [
                "sha256:0002e829142b2af00b4eaa26c51728f3ea68235f232a2e72a9508a3116bd6ed0",
                "sha256:0005bd73026cd239fc1e8ccdf54db58b6193be9a02b3f0c5983808f84862c767",
                "sha256:0292f70d1797e3c54e862e6f30ae474014648bc9c723e14a2fda730adb0a9791",
                "sha256:036d8472356e1d5f096c5e0e1a7e0f9182140ada3602f8fff6b7329e9e7cfbcd",
                "sha256:05f0de3a1dc3810a776275763764bb0015a02ae0f698a794646ebc5fb06fad33",
                "sha256:0990932f7cca97fece8017414f57fdd80db506a045869d7ddf2dda1d7cf69ecc",
                "sha256:13e397a9371ecd25573a7b90bd037db604331cf403f5318038c46ee44908c44d",
                "sha256:14576238a5f89bcf504c5f0a388d0ca78df61fb42cb2af0efe239dc965d4f5c9",
                "sha256:199a73c31ac8ea59937cc0bf3dfc04392e81afe2ec8a74f26f489d268867846c",
                "sha256:2082a2d2fca363a3ce21cfa3d068c5a1ce4bf720cf6497fb3a9fc643a8ee4ddd",
                "sha256:22ff16cedab5b16a0db79f1bc99e46a6ddececb60c396562e50aab58ddb2871c",
                "sha256:2307495d9e0ea00d0c726be97a5b96615035854972cc538f6e7eaed23a35886c",
                "sha256:2ad2b727fc41c7f8757098903f85fafb4bf587ca6605f82d9bf5604bd9c7cded",
                "sha256:2d6495f84c4fd11584f34e62f9feec81bf373787b3942270487074e35cbe5330",
                "sha256:361f6b5e3f659e3c56ea3518cf85fbdae1b9e788ade0219a67eeaaea8a4e4d2a",
                "sha256:3e2ef592ac3693c65210f8b53d0edcf9f4405925adcfc031ff495e8d18169682",
                "sha256:4676d51c9f6f6226ae8f26dc83ec291c088fe7633269757d333978df78d931ab",
                "sha256:4ba7e122510bbc07258dc42be6ed45997efdf38129bde3e3f12649be70683546",
                "sha256:5102fb9ee2c258a2218281adcb3e1918b793c51d6c2b4666ce38c35101bb940e",
                "sha256:5323252be2bd261e0aa3f33cb3a64c45d76829989fa3ce90652838397d84197d",
                "sha256:58bb65b3274b0c8a02cea9f91d6f44d0da79abc993b33bdedbfec98c8440175a",
                "sha256:59bdc291165b6119fc6cdbc287c36f7f2859e6051dd923bdf47b4c55fd2f8bd0",
                "sha256:5facb7fd6fa8a7353bbe88b95695e555338fb038ad19ceb29c82d94f62775a05",
                "sha256:639e1ae8d48b3c86ffe59c0daa9a02e2bfe17ca3d2b41611b30a0073937d4497",
                "sha256:8eb8897367a21b578b26f5713833836f886817ee2ffba1177d446fa3f77e67c8",
                "sha256:90484a2b00baedad361402c257895b13faa3f01780f18f4a104a2f5c413e4536",
                "sha256:9c56e19780cd1344fcd362fd6265a15f48aa8d365996a37fab1495cae8fcd97d",
                "sha256:b67fc780cfe2b306180e56daaa411dd3186bf979d50a6a7c2a5b5036575cbdbb",
                "sha256:c0dcf127bb99458a9d211e6e1f0f3edb96c874dd12f2503d4d8e4f1fd103790b",
                "sha256:c23d64a0b28fc78c96289ffbd0d9d1abd48d267269b27f2d34e430ea73ce4b26",
                "sha256:ccfd238f766a5bb5ee5545a62dd03f316ac67966a6a658efb63eeff8158a4bbf",
                "sha256:cd767cf5d7252b1c88fcfb58426a32d7bd14a7e4942497e15b68ff5d822b41ad",
                "sha256:ce8feaa52c1640de9541eeaaa8b5fb632d9d66249c947bb0d89dd01f87c7c288",
                "sha256:d2e054aed4645f9b755db85bc69fc4ed2c9020c19c8027976f66576b906a74f1",
                "sha256:e16c2be5cb19e2c08da7bd3a87fed2a0d4e90065ee553a940c4fc1a0fb1ab72b",
                "sha256:e4b12e3d88a8fffd0b4ca559f6d4957ed91bd4c0613a4e13846ab8729dc5c251",
                "sha256:e570cfc40a29d6ad46c9aeaddbdcee687880940a3a327f2c668dd0e4ef0a441d",
                "sha256:eb30cf008850c0a26b72bd1b9be6730830165ce049d239cfdccd906f2685f892",
                "sha256:f37fa70d95658763254941ddd30ecb23fc4ec0c5a788a7c21034fc2305dab7cc",
                "sha256:f5ebeeec5c14533221eb30bad716bc1fd32f509196318fb9caa7002c4a364e4c",
                "sha256:f5fa526d027d804b1f85cdda1eb091f70bde6fb7d87892f6dd5a48925bc88898"
            ],
            "markers": "python_version >= '2.7' and python_version not in '3.0, 3.1, 3.2, 3.3, 3.4, 3.5'",
            "version": "==1.4.41"
        },
        "yarl": {
            "hashes": [
                "sha256:076eede537ab978b605f41db79a56cad2e7efeea2aa6e0fa8f05a26c24a034fb",
                "sha256:07b21e274de4c637f3e3b7104694e53260b5fc10d51fb3ec5fed1da8e0f754e3",
                "sha256:0ab5a138211c1c366404d912824bdcf5545ccba5b3ff52c42c4af4cbdc2c5035",
                "sha256:0c03f456522d1ec815893d85fccb5def01ffaa74c1b16ff30f8aaa03eb21e453",
                "sha256:12768232751689c1a89b0376a96a32bc7633c08da45ad985d0c49ede691f5c0d",
                "sha256:19cd801d6f983918a3f3a39f3a45b553c015c5aac92ccd1fac619bd74beece4a",
                "sha256:1ca7e596c55bd675432b11320b4eacc62310c2145d6801a1f8e9ad160685a231",
                "sha256:1e4808f996ca39a6463f45182e2af2fae55e2560be586d447ce8016f389f626f",
                "sha256:205904cffd69ae972a1707a1bd3ea7cded594b1d773a0ce66714edf17833cdae",
                "sha256:20df6ff4089bc86e4a66e3b1380460f864df3dd9dccaf88d6b3385d24405893b",
                "sha256:21ac44b763e0eec15746a3d440f5e09ad2ecc8b5f6dcd3ea8cb4773d6d4703e3",
                "sha256:29e256649f42771829974e742061c3501cc50cf16e63f91ed8d1bf98242e5507",
                "sha256:2d800b9c2eaf0684c08be5f50e52bfa2aa920e7163c2ea43f4f431e829b4f0fd",
                "sha256:2d93a049d29df172f48bcb09acf9226318e712ce67374f893b460b42cc1380ae",
                "sha256:31a9a04ecccd6b03e2b0e12e82131f1488dea5555a13a4d32f064e22a6003cfe",
                "sha256:3d1a50e461615747dd93c099f297c1994d472b0f4d2db8a64e55b1edf704ec1c",
                "sha256:449c957ffc6bc2309e1fbe67ab7d2c1efca89d3f4912baeb8ead207bb3cc1cd4",
                "sha256:4a88510731cd8d4befaba5fbd734a7dd914de5ab8132a5b3dde0bbd6c9476c64",
                "sha256:4c322cbaa4ed78a8aac89b2174a6df398faf50e5fc12c4c191c40c59d5e28357",
                "sha256:5395da939ffa959974577eff2cbfc24b004a2fb6c346918f39966a5786874e54",
                "sha256:5587bba41399854703212b87071c6d8638fa6e61656385875f8c6dff92b2e461",
                "sha256:56c11efb0a89700987d05597b08a1efcd78d74c52febe530126785e1b1a285f4",
                "sha256:5999c4662631cb798496535afbd837a102859568adc67d75d2045e31ec3ac497",
                "sha256:59ddd85a1214862ce7c7c66457f05543b6a275b70a65de366030d56159a979f0",
                "sha256:6347f1a58e658b97b0a0d1ff7658a03cb79bdbda0331603bed24dd7054a6dea1",
                "sha256:6628d750041550c5d9da50bb40b5cf28a2e63b9388bac10fedd4f19236ef4957",
                "sha256:6afb336e23a793cd3b6476c30f030a0d4c7539cd81649683b5e0c1b0ab0bf350",
                "sha256:6c8148e0b52bf9535c40c48faebb00cb294ee577ca069d21bd5c48d302a83780",
                "sha256:76577f13333b4fe345c3704811ac7509b31499132ff0181f25ee26619de2c843",
                "sha256:7c0da7e44d0c9108d8b98469338705e07f4bb7dab96dbd8fa4e91b337db42548",
                "sha256:7de89c8456525650ffa2bb56a3eee6af891e98f498babd43ae307bd42dca98f6",
                "sha256:7ec362167e2c9fd178f82f252b6d97669d7245695dc057ee182118042026da40",
                "sha256:7fce6cbc6c170ede0221cc8c91b285f7f3c8b9fe28283b51885ff621bbe0f8ee",
                "sha256:85cba594433915d5c9a0d14b24cfba0339f57a2fff203a5d4fd070e593307d0b",
                "sha256:8b0af1cf36b93cee99a31a545fe91d08223e64390c5ecc5e94c39511832a4bb6",
                "sha256:9130ddf1ae9978abe63808b6b60a897e41fccb834408cde79522feb37fb72fb0",
                "sha256:99449cd5366fe4608e7226c6cae80873296dfa0cde45d9b498fefa1de315a09e",
                "sha256:9de955d98e02fab288c7718662afb33aab64212ecb368c5dc866d9a57bf48880",
                "sha256:a0fb2cb4204ddb456a8e32381f9a90000429489a25f64e817e6ff94879d432fc",
                "sha256:a165442348c211b5dea67c0206fc61366212d7082ba8118c8c5c1c853ea4d82e",
                "sha256:ab2a60d57ca88e1d4ca34a10e9fb4ab2ac5ad315543351de3a612bbb0560bead",
                "sha256:abc06b97407868ef38f3d172762f4069323de52f2b70d133d096a48d72215d28",
                "sha256:af887845b8c2e060eb5605ff72b6f2dd2aab7a761379373fd89d314f4752abbf",
                "sha256:b19255dde4b4f4c32e012038f2c169bb72e7f081552bea4641cab4d88bc409dd",
                "sha256:b3ded839a5c5608eec8b6f9ae9a62cb22cd037ea97c627f38ae0841a48f09eae",
                "sha256:c1445a0c562ed561d06d8cbc5c8916c6008a31c60bc3655cdd2de1d3bf5174a0",
                "sha256:d0272228fabe78ce00a3365ffffd6f643f57a91043e119c289aaba202f4095b0",
                "sha256:d0b51530877d3ad7a8d47b2fff0c8df3b8f3b8deddf057379ba50b13df2a5eae",
                "sha256:d0f77539733e0ec2475ddcd4e26777d08996f8cd55d2aef82ec4d3896687abda",
                "sha256:d2b8f245dad9e331540c350285910b20dd913dc86d4ee410c11d48523c4fd546",
                "sha256:dd032e8422a52e5a4860e062eb84ac94ea08861d334a4bcaf142a63ce8ad4802",
                "sha256:de49d77e968de6626ba7ef4472323f9d2e5a56c1d85b7c0e2a190b2173d3b9be",
                "sha256:de839c3a1826a909fdbfe05f6fe2167c4ab033f1133757b5936efe2f84904c07",
                "sha256:e80ed5a9939ceb6fda42811542f31c8602be336b1fb977bccb012e83da7e4936",
                "sha256:ea30a42dc94d42f2ba4d0f7c0ffb4f4f9baa1b23045910c0c32df9c9902cb272",
                "sha256:ea513a25976d21733bff523e0ca836ef1679630ef4ad22d46987d04b372d57fc",
                "sha256:ed19b74e81b10b592084a5ad1e70f845f0aacb57577018d31de064e71ffa267a",
                "sha256:f5af52738e225fcc526ae64071b7e5342abe03f42e0e8918227b38c9aa711e28",
                "sha256:fae37373155f5ef9b403ab48af5136ae9851151f7aacd9926251ab26b953118b"
            ],
            "markers": "python_version >= '3.7'",
            "version": "==1.8.1"
        }
    },
    "develop": {}
}
